
Microsoft Visual Studio Solution File, Format Version 12.00
# Visual Studio Version 17
VisualStudioVersion = 17.3.32519.111
MinimumVisualStudioVersion = 10.0.40219.1
Project("{FAE04EC0-301F-11D3-BF4B-00C04F79EFBC}") = "ProFiS2.WordAddIn", "ProFiS2.WordAddIn.csproj", "{0FD70E94-324B-4F07-AE49-765494ED3777}"
EndProject
Global
	GlobalSection(SolutionConfigurationPlatforms) = preSolution
		Debug|Any CPU = Debug|Any CPU
		Release|Any CPU = Release|Any CPU
	EndGlobalSection
	GlobalSection(ProjectConfigurationPlatforms) = postSolution
		{0FD70E94-324B-4F07-AE49-765494ED3777}.Debug|Any CPU.ActiveCfg = Debug|Any CPU
		{0FD70E94-324B-4F07-AE49-765494ED3777}.Debug|Any CPU.Build.0 = Debug|Any CPU
		{0FD70E94-324B-4F07-AE49-765494ED3777}.Release|Any CPU.ActiveCfg = Release|Any CPU
		{0FD70E94-324B-4F07-AE49-765494ED3777}.Release|Any CPU.Build.0 = Release|Any CPU
	EndGlobalSection
	GlobalSection(SolutionProperties) = preSolution
		HideSolutionNode = FALSE
	EndGlobalSection
	GlobalSection(ExtensibilityGlobals) = postSolution
		SolutionGuid = {EFB66305-6B01-4C4D-A9B1-65162FF727FA}
	EndGlobalSection
EndGlobal
